{
  "name": "dt-analysis",
  "version": "1.0.0",
  "lockfileVersion": 1,
  "requires": true,
  "dependencies": {
    "@types/node": {
      "version": "12.11.2",
      "resolved": "https://registry.npmjs.org/@types/node/-/node-12.11.2.tgz",
      "integrity": "sha512-dsfE4BHJkLQW+reOS6b17xhZ/6FB1rB8eRRvO08nn5o+voxf3i74tuyFWNH6djdfgX7Sm5s6LD8t6mJug4dpDw=="
    },
    "typescript": {
      "version": "3.7.0-dev.20191018",
      "resolved": "https://registry.npmjs.org/typescript/-/typescript-3.7.0-dev.20191018.tgz",
      "integrity": "sha512-Z8KpsytbY5lBMp5cc08VFoO8CgHC6IcbgyiA5vjh7fitkoG0qcem9C354YuiWV4O2+i2gdC7vF8tNUYqO/vUkQ=="
    }
  }
}
